
Microsoft Visual Studio Solution File, Format Version 12.00
# Visual Studio Version 16
VisualStudioVersion = 16.0.30523.141
MinimumVisualStudioVersion = 10.0.40219.1
Project("{FAE04EC0-301F-11D3-BF4B-00C04F79EFBC}") = "ATMTCommonLib", "ATMTCommonLib\ATMTCommonLib.csproj", "{9C381AF8-2601-485A-8DEF-D884FB130CDA}"
EndProject
Project("{FAE04EC0-301F-11D3-BF4B-00C04F79EFBC}") = "ATMTLibTest", "ATMTLibTest\ATMTLibTest.csproj", "{B45EC86F-071C-4454-803B-1881A8E23376}"
	ProjectSection(ProjectDependencies) = postProject
		{9C381AF8-2601-485A-8DEF-D884FB130CDA} = {9C381AF8-2601-485A-8DEF-D884FB130CDA}
	EndProjectSection
EndProject
Project("{FAE04EC0-301F-11D3-BF4B-00C04F79EFBC}") = "ATMTLog", "ATMTLog\ATMTLog.csproj", "{9C34683D-AC95-44F3-86DB-64AC15E67D41}"
	ProjectSection(ProjectDependencies) = postProject
		{9C381AF8-2601-485A-8DEF-D884FB130CDA} = {9C381AF8-2601-485A-8DEF-D884FB130CDA}
	EndProjectSection
EndProject
Project("{FAE04EC0-301F-11D3-BF4B-00C04F79EFBC}") = "MVTecInspector", "MVTecInspector\MVTecInspector.csproj", "{FF6AC92B-25E2-4E5F-8208-7C7A7D372096}"
EndProject
Global
	GlobalSection(SolutionConfigurationPlatforms) = preSolution
		Debug|Any CPU = Debug|Any CPU
		Release|Any CPU = Release|Any CPU
	EndGlobalSection
	GlobalSection(ProjectConfigurationPlatforms) = postSolution
		{9C381AF8-2601-485A-8DEF-D884FB130CDA}.Debug|Any CPU.ActiveCfg = Debug|Any CPU
		{9C381AF8-2601-485A-8DEF-D884FB130CDA}.Debug|Any CPU.Build.0 = Debug|Any CPU
		{9C381AF8-2601-485A-8DEF-D884FB130CDA}.Release|Any CPU.ActiveCfg = Release|Any CPU
		{9C381AF8-2601-485A-8DEF-D884FB130CDA}.Release|Any CPU.Build.0 = Release|Any CPU
		{B45EC86F-071C-4454-803B-1881A8E23376}.Debug|Any CPU.ActiveCfg = Debug|Any CPU
		{B45EC86F-071C-4454-803B-1881A8E23376}.Debug|Any CPU.Build.0 = Debug|Any CPU
		{B45EC86F-071C-4454-803B-1881A8E23376}.Release|Any CPU.ActiveCfg = Release|Any CPU
		{B45EC86F-071C-4454-803B-1881A8E23376}.Release|Any CPU.Build.0 = Release|Any CPU
		{9C34683D-AC95-44F3-86DB-64AC15E67D41}.Debug|Any CPU.ActiveCfg = Debug|Any CPU
		{9C34683D-AC95-44F3-86DB-64AC15E67D41}.Debug|Any CPU.Build.0 = Debug|Any CPU
		{9C34683D-AC95-44F3-86DB-64AC15E67D41}.Release|Any CPU.ActiveCfg = Release|Any CPU
		{9C34683D-AC95-44F3-86DB-64AC15E67D41}.Release|Any CPU.Build.0 = Release|Any CPU
		{FF6AC92B-25E2-4E5F-8208-7C7A7D372096}.Debug|Any CPU.ActiveCfg = Debug|Any CPU
		{FF6AC92B-25E2-4E5F-8208-7C7A7D372096}.Debug|Any CPU.Build.0 = Debug|Any CPU
		{FF6AC92B-25E2-4E5F-8208-7C7A7D372096}.Release|Any CPU.ActiveCfg = Release|Any CPU
		{FF6AC92B-25E2-4E5F-8208-7C7A7D372096}.Release|Any CPU.Build.0 = Release|Any CPU
	EndGlobalSection
	GlobalSection(SolutionProperties) = preSolution
		HideSolutionNode = FALSE
	EndGlobalSection
	GlobalSection(ExtensibilityGlobals) = postSolution
		SolutionGuid = {4CE1D603-BBDA-4455-B9C7-F48914380657}
	EndGlobalSection
EndGlobal
